// !$*UTF8*$!
{
	archiveVersion = 1;
	classes = {
	};
	objectVersion = 56;
	objects = {

/* Begin PBXBuildFile section */
		F087A5EA299CF1540005D484 /* AppDelegate.swift in Sources */ = {isa = PBXBuildFile; fileRef = F087A5E9299CF1540005D484 /* AppDelegate.swift */; };
		F087A5EC299CF1540005D484 /* SceneDelegate.swift in Sources */ = {isa = PBXBuildFile; fileRef = F087A5EB299CF1540005D484 /* SceneDelegate.swift */; };
		F087A5EE299CF1540005D484 /* LoginVc.swift in Sources */ = {isa = PBXBuildFile; fileRef = F087A5ED299CF1540005D484 /* LoginVc.swift */; };
		F087A5F3299CF1560005D484 /* Assets.xcassets in Resources */ = {isa = PBXBuildFile; fileRef = F087A5F2299CF1560005D484 /* Assets.xcassets */; };
		F087A5F6299CF1560005D484 /* LaunchScreen.storyboard in Resources */ = {isa = PBXBuildFile; fileRef = F087A5F4299CF1560005D484 /* LaunchScreen.storyboard */; };
		F087A602299CF25B0005D484 /* LoginScreen.swift in Sources */ = {isa = PBXBuildFile; fileRef = F087A601299CF25B0005D484 /* LoginScreen.swift */; };
		F087A604299E908C0005D484 /* RegisterViewController.swift in Sources */ = {isa = PBXBuildFile; fileRef = F087A603299E908B0005D484 /* RegisterViewController.swift */; };
		F087A607299E90BD0005D484 /* RegisterScreen.swift in Sources */ = {isa = PBXBuildFile; fileRef = F087A606299E90BD0005D484 /* RegisterScreen.swift */; };
		F087A624299FE5520005D484 /* RecoverPasswordScreen.swift in Sources */ = {isa = PBXBuildFile; fileRef = F087A623299FE5520005D484 /* RecoverPasswordScreen.swift */; };
		F087A626299FE56E0005D484 /* RecoverPasswordViewController.swift in Sources */ = {isa = PBXBuildFile; fileRef = F087A625299FE56E0005D484 /* RecoverPasswordViewController.swift */; };
		F0887D3A29A78571000A2ED5 /* ReadmeView.md in Resources */ = {isa = PBXBuildFile; fileRef = F0887D3929A78571000A2ED5 /* ReadmeView.md */; };
		F0887D3C29A78F29000A2ED5 /* ReadmeController.MD in Resources */ = {isa = PBXBuildFile; fileRef = F0887D3B29A78F29000A2ED5 /* ReadmeController.MD */; };
		F0887D4029A79199000A2ED5 /* ReadmeConfigProject.MD in Resources */ = {isa = PBXBuildFile; fileRef = F0887D3F29A79199000A2ED5 /* ReadmeConfigProject.MD */; };
/* End PBXBuildFile section */

/* Begin PBXFileReference section */
		F087A5E6299CF1540005D484 /* appBackFront.app */ = {isa = PBXFileReference; explicitFileType = wrapper.application; includeInIndex = 0; path = appBackFront.app; sourceTree = BUILT_PRODUCTS_DIR; };
		F087A5E9299CF1540005D484 /* AppDelegate.swift */ = {isa = PBXFileReference; lastKnownFileType = sourcecode.swift; path = AppDelegate.swift; sourceTree = "<group>"; };
		F087A5EB299CF1540005D484 /* SceneDelegate.swift */ = {isa = PBXFileReference; lastKnownFileType = sourcecode.swift; path = SceneDelegate.swift; sourceTree = "<group>"; };
		F087A5ED299CF1540005D484 /* LoginVc.swift */ = {isa = PBXFileReference; lastKnownFileType = sourcecode.swift; path = LoginVc.swift; sourceTree = "<group>"; };
		F087A5F2299CF1560005D484 /* Assets.xcassets */ = {isa = PBXFileReference; lastKnownFileType = folder.assetcatalog; path = Assets.xcassets; sourceTree = "<group>"; };
		F087A5F5299CF1560005D484 /* Base */ = {isa = PBXFileReference; lastKnownFileType = file.storyboard; name = Base; path = Base.lproj/LaunchScreen.storyboard; sourceTree = "<group>"; };
		F087A5F7299CF1560005D484 /* Info.plist */ = {isa = PBXFileReference; lastKnownFileType = text.plist.xml; path = Info.plist; sourceTree = "<group>"; };
		F087A601299CF25B0005D484 /* LoginScreen.swift */ = {isa = PBXFileReference; lastKnownFileType = sourcecode.swift; path = LoginScreen.swift; sourceTree = "<group>"; };
		F087A603299E908B0005D484 /* RegisterViewController.swift */ = {isa = PBXFileReference; lastKnownFileType = sourcecode.swift; path = RegisterViewController.swift; sourceTree = "<group>"; };
		F087A606299E90BD0005D484 /* RegisterScreen.swift */ = {isa = PBXFileReference; lastKnownFileType = sourcecode.swift; path = RegisterScreen.swift; sourceTree = "<group>"; };
		F087A623299FE5520005D484 /* RecoverPasswordScreen.swift */ = {isa = PBXFileReference; lastKnownFileType = sourcecode.swift; path = RecoverPasswordScreen.swift; sourceTree = "<group>"; };
		F087A625299FE56E0005D484 /* RecoverPasswordViewController.swift */ = {isa = PBXFileReference; lastKnownFileType = sourcecode.swift; path = RecoverPasswordViewController.swift; sourceTree = "<group>"; };
		F0887D3929A78571000A2ED5 /* ReadmeView.md */ = {isa = PBXFileReference; lastKnownFileType = net.daringfireball.markdown; path = ReadmeView.md; sourceTree = "<group>"; };
		F0887D3B29A78F29000A2ED5 /* ReadmeController.MD */ = {isa = PBXFileReference; lastKnownFileType = net.daringfireball.markdown; path = ReadmeController.MD; sourceTree = "<group>"; };
		F0887D3F29A79199000A2ED5 /* ReadmeConfigProject.MD */ = {isa = PBXFileReference; lastKnownFileType = net.daringfireball.markdown; path = ReadmeConfigProject.MD; sourceTree = "<group>"; };
/* End PBXFileReference section */

/* Begin PBXFrameworksBuildPhase section */
		F087A5E3299CF1540005D484 /* Frameworks */ = {
			isa = PBXFrameworksBuildPhase;
			buildActionMask = 2147483647;
			files = (
			);
			runOnlyForDeploymentPostprocessing = 0;
		};
/* End PBXFrameworksBuildPhase section */

/* Begin PBXGroup section */
		F087A5DD299CF1540005D484 = {
			isa = PBXGroup;
			children = (
				F087A5E8299CF1540005D484 /* appBackFront */,
				F087A5E7299CF1540005D484 /* Products */,
			);
			sourceTree = "<group>";
		};
		F087A5E7299CF1540005D484 /* Products */ = {
			isa = PBXGroup;
			children = (
				F087A5E6299CF1540005D484 /* appBackFront.app */,
			);
			name = Products;
			sourceTree = "<group>";
		};
		F087A5E8299CF1540005D484 /* appBackFront */ = {
			isa = PBXGroup;
			children = (
				F087A5FF299CF2250005D484 /* Controller */,
				F087A5FE299CF21A0005D484 /* Screens */,
				F087A5E9299CF1540005D484 /* AppDelegate.swift */,
				F087A5EB299CF1540005D484 /* SceneDelegate.swift */,
				F087A5F2299CF1560005D484 /* Assets.xcassets */,
				F087A5F4299CF1560005D484 /* LaunchScreen.storyboard */,
				F087A5F7299CF1560005D484 /* Info.plist */,
				F0887D3F29A79199000A2ED5 /* ReadmeConfigProject.MD */,
				F0887D3929A78571000A2ED5 /* ReadmeView.md */,
				F0887D3B29A78F29000A2ED5 /* ReadmeController.MD */,
			);
			path = appBackFront;
			sourceTree = "<group>";
		};
		F087A5FD299CF1DB0005D484 /* LoginScreen */ = {
			isa = PBXGroup;
			children = (
				F087A601299CF25B0005D484 /* LoginScreen.swift */,
			);
			path = LoginScreen;
			sourceTree = "<group>";
		};
		F087A5FE299CF21A0005D484 /* Screens */ = {
			isa = PBXGroup;
			children = (
				F087A622299FE46B0005D484 /* RecoverPassword */,
				F087A608299E90C20005D484 /* RegisterScreen */,
				F087A5FD299CF1DB0005D484 /* LoginScreen */,
			);
			path = Screens;
			sourceTree = "<group>";
		};
		F087A5FF299CF2250005D484 /* Controller */ = {
			isa = PBXGroup;
			children = (
				F087A621299FE4460005D484 /* RecoverPasswordViewController */,
				F087A605299E909A0005D484 /* RegisterViewController */,
				F087A600299CF22F0005D484 /* LoginViewController */,
			);
			path = Controller;
			sourceTree = "<group>";
		};
		F087A600299CF22F0005D484 /* LoginViewController */ = {
			isa = PBXGroup;
			children = (
				F087A5ED299CF1540005D484 /* LoginVc.swift */,
			);
			path = LoginViewController;
			sourceTree = "<group>";
		};
		F087A605299E909A0005D484 /* RegisterViewController */ = {
			isa = PBXGroup;
			children = (
				F087A603299E908B0005D484 /* RegisterViewController.swift */,
			);
			path = RegisterViewController;
			sourceTree = "<group>";
		};
		F087A608299E90C20005D484 /* RegisterScreen */ = {
			isa = PBXGroup;
			children = (
				F087A606299E90BD0005D484 /* RegisterScreen.swift */,
			);
			path = RegisterScreen;
			sourceTree = "<group>";
		};
		F087A621299FE4460005D484 /* RecoverPasswordViewController */ = {
			isa = PBXGroup;
			children = (
				F087A625299FE56E0005D484 /* RecoverPasswordViewController.swift */,
			);
			path = RecoverPasswordViewController;
			sourceTree = "<group>";
		};
		F087A622299FE46B0005D484 /* RecoverPassword */ = {
			isa = PBXGroup;
			children = (
				F087A623299FE5520005D484 /* RecoverPasswordScreen.swift */,
			);
			path = RecoverPassword;
			sourceTree = "<group>";
		};
/* End PBXGroup section */

/* Begin PBXNativeTarget section */
		F087A5E5299CF1540005D484 /* appBackFront */ = {
			isa = PBXNativeTarget;
			buildConfigurationList = F087A5FA299CF1560005D484 /* Build configuration list for PBXNativeTarget "appBackFront" */;
			buildPhases = (
				F087A5E2299CF1540005D484 /* Sources */,
				F087A5E3299CF1540005D484 /* Frameworks */,
				F087A5E4299CF1540005D484 /* Resources */,
			);
			buildRules = (
			);
			dependencies = (
			);
			name = appBackFront;
			productName = appBackFront;
			productReference = F087A5E6299CF1540005D484 /* appBackFront.app */;
			productType = "com.apple.product-type.application";
		};
/* End PBXNativeTarget section */

/* Begin PBXProject section */
		F087A5DE299CF1540005D484 /* Project object */ = {
			isa = PBXProject;
			attributes = {
				BuildIndependentTargetsInParallel = 1;
				LastSwiftUpdateCheck = 1420;
				LastUpgradeCheck = 1420;
				TargetAttributes = {
					F087A5E5299CF1540005D484 = {
						CreatedOnToolsVersion = 14.2;
					};
				};
			};
			buildConfigurationList = F087A5E1299CF1540005D484 /* Build configuration list for PBXProject "appBackFront" */;
			compatibilityVersion = "Xcode 14.0";
			developmentRegion = en;
			hasScannedForEncodings = 0;
			knownRegions = (
				en,
				Base,
			);
			mainGroup = F087A5DD299CF1540005D484;
			productRefGroup = F087A5E7299CF1540005D484 /* Products */;
			projectDirPath = "";
			projectRoot = "";
			targets = (
				F087A5E5299CF1540005D484 /* appBackFront */,
			);
		};
/* End PBXProject section */

/* Begin PBXResourcesBuildPhase section */
		F087A5E4299CF1540005D484 /* Resources */ = {
			isa = PBXResourcesBuildPhase;
			buildActionMask = 2147483647;
			files = (
				F0887D3C29A78F29000A2ED5 /* ReadmeController.MD in Resources */,
				F0887D3A29A78571000A2ED5 /* ReadmeView.md in Resources */,
				F0887D4029A79199000A2ED5 /* ReadmeConfigProject.MD in Resources */,
				F087A5F6299CF1560005D484 /* LaunchScreen.storyboard in Resources */,
				F087A5F3299CF1560005D484 /* Assets.xcassets in Resources */,
			);
			runOnlyForDeploymentPostprocessing = 0;
		};
/* End PBXResourcesBuildPhase section */

/* Begin PBXSourcesBuildPhase section */
		F087A5E2299CF1540005D484 /* Sources */ = {
			isa = PBXSourcesBuildPhase;
			buildActionMask = 2147483647;
			files = (
				F087A607299E90BD0005D484 /* RegisterScreen.swift in Sources */,
				F087A5EE299CF1540005D484 /* LoginVc.swift in Sources */,
				F087A604299E908C0005D484 /* RegisterViewController.swift in Sources */,
				F087A602299CF25B0005D484 /* LoginScreen.swift in Sources */,
				F087A5EA299CF1540005D484 /* AppDelegate.swift in Sources */,
				F087A5EC299CF1540005D484 /* SceneDelegate.swift in Sources */,
				F087A626299FE56E0005D484 /* RecoverPasswordViewController.swift in Sources */,
				F087A624299FE5520005D484 /* RecoverPasswordScreen.swift in Sources */,
			);
			runOnlyForDeploymentPostprocessing = 0;
		};
/* End PBXSourcesBuildPhase section */

/* Begin PBXVariantGroup section */
		F087A5F4299CF1560005D484 /* LaunchScreen.storyboard */ = {
			isa = PBXVariantGroup;
			children = (
				F087A5F5299CF1560005D484 /* Base */,
			);
			name = LaunchScreen.storyboard;
			sourceTree = "<group>";
		};
/* End PBXVariantGroup section */

/* Begin XCBuildConfiguration section */
		F087A5F8299CF1560005D484 /* Debug */ = {
			isa = XCBuildConfiguration;
			buildSettings = {
				ALWAYS_SEARCH_USER_PATHS = NO;
				CLANG_ANALYZER_NONNULL = YES;
				CLANG_ANALYZER_NUMBER_OBJECT_CONVERSION = YES_AGGRESSIVE;
				CLANG_CXX_LANGUAGE_STANDARD = "gnu++20";
				CLANG_ENABLE_MODULES = YES;
				CLANG_ENABLE_OBJC_ARC = YES;
				CLANG_ENABLE_OBJC_WEAK = YES;
				CLANG_WARN_BLOCK_CAPTURE_AUTORELEASING = YES;
				CLANG_WARN_BOOL_CONVERSION = YES;
				CLANG_WARN_COMMA = YES;
				CLANG_WARN_CONSTANT_CONVERSION = YES;
				CLANG_WARN_DEPRECATED_OBJC_IMPLEMENTATIONS = YES;
				CLANG_WARN_DIRECT_OBJC_ISA_USAGE = YES_ERROR;
				CLANG_WARN_DOCUMENTATION_COMMENTS = YES;
				CLANG_WARN_EMPTY_BODY = YES;
				CLANG_WARN_ENUM_CONVERSION = YES;
				CLANG_WARN_INFINITE_RECURSION = YES;
				CLANG_WARN_INT_CONVERSION = YES;
				CLANG_WARN_NON_LITERAL_NULL_CONVERSION = YES;
				CLANG_WARN_OBJC_IMPLICIT_RETAIN_SELF = YES;
				CLANG_WARN_OBJC_LITERAL_CONVERSION = YES;
				CLANG_WARN_OBJC_ROOT_CLASS = YES_ERROR;
				CLANG_WARN_QUOTED_INCLUDE_IN_FRAMEWORK_HEADER = YES;
				CLANG_WARN_RANGE_LOOP_ANALYSIS = YES;
				CLANG_WARN_STRICT_PROTOTYPES = YES;
				CLANG_WARN_SUSPICIOUS_MOVE = YES;
				CLANG_WARN_UNGUARDED_AVAILABILITY = YES_AGGRESSIVE;
				CLANG_WARN_UNREACHABLE_CODE = YES;
				CLANG_WARN__DUPLICATE_METHOD_MATCH = YES;
				COPY_PHASE_STRIP = NO;
				DEBUG_INFORMATION_FORMAT = dwarf;
				ENABLE_STRICT_OBJC_MSGSEND = YES;
				ENABLE_TESTABILITY = YES;
				GCC_C_LANGUAGE_STANDARD = gnu11;
				GCC_DYNAMIC_NO_PIC = NO;
				GCC_NO_COMMON_BLOCKS = YES;
				GCC_OPTIMIZATION_LEVEL = 0;
				GCC_PREPROCESSOR_DEFINITIONS = (
					"DEBUG=1",
					"$(inherited)",
				);
				GCC_WARN_64_TO_32_BIT_CONVERSION = YES;
				GCC_WARN_ABOUT_RETURN_TYPE = YES_ERROR;
				GCC_WARN_UNDECLARED_SELECTOR = YES;
				GCC_WARN_UNINITIALIZED_AUTOS = YES_AGGRESSIVE;
				GCC_WARN_UNUSED_FUNCTION = YES;
				GCC_WARN_UNUSED_VARIABLE = YES;
				IPHONEOS_DEPLOYMENT_TARGET = 16.2;
				MTL_ENABLE_DEBUG_INFO = INCLUDE_SOURCE;
				MTL_FAST_MATH = YES;
				ONLY_ACTIVE_ARCH = YES;
				SDKROOT = iphoneos;
				SWIFT_ACTIVE_COMPILATION_CONDITIONS = DEBUG;
				SWIFT_OPTIMIZATION_LEVEL = "-Onone";
			};
			name = Debug;
		};
		F087A5F9299CF1560005D484 /* Release */ = {
			isa = XCBuildConfiguration;
			buildSettings = {
				ALWAYS_SEARCH_USER_PATHS = NO;
				CLANG_ANALYZER_NONNULL = YES;
				CLANG_ANALYZER_NUMBER_OBJECT_CONVERSION = YES_AGGRESSIVE;
				CLANG_CXX_LANGUAGE_STANDARD = "gnu++20";
				CLANG_ENABLE_MODULES = YES;
				CLANG_ENABLE_OBJC_ARC = YES;
				CLANG_ENABLE_OBJC_WEAK = YES;
				CLANG_WARN_BLOCK_CAPTURE_AUTORELEASING = YES;
				CLANG_WARN_BOOL_CONVERSION = YES;
				CLANG_WARN_COMMA = YES;
				CLANG_WARN_CONSTANT_CONVERSION = YES;
				CLANG_WARN_DEPRECATED_OBJC_IMPLEMENTATIONS = YES;
				CLANG_WARN_DIRECT_OBJC_ISA_USAGE = YES_ERROR;
				CLANG_WARN_DOCUMENTATION_COMMENTS = YES;
				CLANG_WARN_EMPTY_BODY = YES;
				CLANG_WARN_ENUM_CONVERSION = YES;
				CLANG_WARN_INFINITE_RECURSION = YES;
				CLANG_WARN_INT_CONVERSION = YES;
				CLANG_WARN_NON_LITERAL_NULL_CONVERSION = YES;
				CLANG_WARN_OBJC_IMPLICIT_RETAIN_SELF = YES;
				CLANG_WARN_OBJC_LITERAL_CONVERSION = YES;
				CLANG_WARN_OBJC_ROOT_CLASS = YES_ERROR;
				CLANG_WARN_QUOTED_INCLUDE_IN_FRAMEWORK_HEADER = YES;
				CLANG_WARN_RANGE_LOOP_ANALYSIS = YES;
				CLANG_WARN_STRICT_PROTOTYPES = YES;
				CLANG_WARN_SUSPICIOUS_MOVE = YES;
				CLANG_WARN_UNGUARDED_AVAILABILITY = YES_AGGRESSIVE;
				CLANG_WARN_UNREACHABLE_CODE = YES;
				CLANG_WARN__DUPLICATE_METHOD_MATCH = YES;
				COPY_PHASE_STRIP = NO;
				DEBUG_INFORMATION_FORMAT = "dwarf-with-dsym";
				ENABLE_NS_ASSERTIONS = NO;
				ENABLE_STRICT_OBJC_MSGSEND = YES;
				GCC_C_LANGUAGE_STANDARD = gnu11;
				GCC_NO_COMMON_BLOCKS = YES;
				GCC_WARN_64_TO_32_BIT_CONVERSION = YES;
				GCC_WARN_ABOUT_RETURN_TYPE = YES_ERROR;
				GCC_WARN_UNDECLARED_SELECTOR = YES;
				GCC_WARN_UNINITIALIZED_AUTOS = YES_AGGRESSIVE;
				GCC_WARN_UNUSED_FUNCTION = YES;
				GCC_WARN_UNUSED_VARIABLE = YES;
				IPHONEOS_DEPLOYMENT_TARGET = 16.2;
				MTL_ENABLE_DEBUG_INFO = NO;
				MTL_FAST_MATH = YES;
				SDKROOT = iphoneos;
				SWIFT_COMPILATION_MODE = wholemodule;
				SWIFT_OPTIMIZATION_LEVEL = "-O";
				VALIDATE_PRODUCT = YES;
			};
			name = Release;
		};
		F087A5FB299CF1560005D484 /* Debug */ = {
			isa = XCBuildConfiguration;
			buildSettings = {
				ASSETCATALOG_COMPILER_APPICON_NAME = AppIcon;
				ASSETCATALOG_COMPILER_GLOBAL_ACCENT_COLOR_NAME = AccentColor;
				CODE_SIGN_STYLE = Automatic;
				CURRENT_PROJECT_VERSION = 1;
				DEVELOPMENT_TEAM = MBMQ7W76MF;
				GENERATE_INFOPLIST_FILE = YES;
				INFOPLIST_FILE = appBackFront/Info.plist;
				INFOPLIST_KEY_UIApplicationSupportsIndirectInputEvents = YES;
				INFOPLIST_KEY_UILaunchStoryboardName = LaunchScreen;
				INFOPLIST_KEY_UISupportedInterfaceOrientations_iPad = "UIInterfaceOrientationPortrait UIInterfaceOrientationPortraitUpsideDown UIInterfaceOrientationLandscapeLeft UIInterfaceOrientationLandscapeRight";
				INFOPLIST_KEY_UISupportedInterfaceOrientations_iPhone = "UIInterfaceOrientationPortrait UIInterfaceOrientationLandscapeLeft UIInterfaceOrientationLandscapeRight";
				LD_RUNPATH_SEARCH_PATHS = (
					"$(inherited)",
					"@executable_path/Frameworks",
				);
				MARKETING_VERSION = 1.0;
				PRODUCT_BUNDLE_IDENTIFIER = br.com.celiofs7.appBackFront;
				PRODUCT_NAME = "$(TARGET_NAME)";
				SUPPORTED_PLATFORMS = "iphoneos iphonesimulator";
				SUPPORTS_MACCATALYST = NO;
				SUPPORTS_MAC_DESIGNED_FOR_IPHONE_IPAD = NO;
				SWIFT_EMIT_LOC_STRINGS = YES;
				SWIFT_VERSION = 5.0;
				TARGETED_DEVICE_FAMILY = 1;
			};
			name = Debug;
		};
		F087A5FC299CF1560005D484 /* Release */ = {
			isa = XCBuildConfiguration;
			buildSettings = {
				ASSETCATALOG_COMPILER_APPICON_NAME = AppIcon;
				ASSETCATALOG_COMPILER_GLOBAL_ACCENT_COLOR_NAME = AccentColor;
				CODE_SIGN_STYLE = Automatic;
				CURRENT_PROJECT_VERSION = 1;
				DEVELOPMENT_TEAM = MBMQ7W76MF;
				GENERATE_INFOPLIST_FILE = YES;
				INFOPLIST_FILE = appBackFront/Info.plist;
				INFOPLIST_KEY_UIApplicationSupportsIndirectInputEvents = YES;
				INFOPLIST_KEY_UILaunchStoryboardName = LaunchScreen;
				INFOPLIST_KEY_UISupportedInterfaceOrientations_iPad = "UIInterfaceOrientationPortrait UIInterfaceOrientationPortraitUpsideDown UIInterfaceOrientationLandscapeLeft UIInterfaceOrientationLandscapeRight";
				INFOPLIST_KEY_UISupportedInterfaceOrientations_iPhone = "UIInterfaceOrientationPortrait UIInterfaceOrientationLandscapeLeft UIInterfaceOrientationLandscapeRight";
				LD_RUNPATH_SEARCH_PATHS = (
					"$(inherited)",
					"@executable_path/Frameworks",
				);
				MARKETING_VERSION = 1.0;
				PRODUCT_BUNDLE_IDENTIFIER = br.com.celiofs7.appBackFront;
				PRODUCT_NAME = "$(TARGET_NAME)";
				SUPPORTED_PLATFORMS = "iphoneos iphonesimulator";
				SUPPORTS_MACCATALYST = NO;
				SUPPORTS_MAC_DESIGNED_FOR_IPHONE_IPAD = NO;
				SWIFT_EMIT_LOC_STRINGS = YES;
				SWIFT_VERSION = 5.0;
				TARGETED_DEVICE_FAMILY = 1;
			};
			name = Release;
		};
/* End XCBuildConfiguration section */

/* Begin XCConfigurationList section */
		F087A5E1299CF1540005D484 /* Build configuration list for PBXProject "appBackFront" */ = {
			isa = XCConfigurationList;
			buildConfigurations = (
				F087A5F8299CF1560005D484 /* Debug */,
				F087A5F9299CF1560005D484 /* Release */,
			);
			defaultConfigurationIsVisible = 0;
			defaultConfigurationName = Release;
		};
		F087A5FA299CF1560005D484 /* Build configuration list for PBXNativeTarget "appBackFront" */ = {
			isa = XCConfigurationList;
			buildConfigurations = (
				F087A5FB299CF1560005D484 /* Debug */,
				F087A5FC299CF1560005D484 /* Release */,
			);
			defaultConfigurationIsVisible = 0;
			defaultConfigurationName = Release;
		};
/* End XCConfigurationList section */
	};
	rootObject = F087A5DE299CF1540005D484 /* Project object */;
}
